// !$*UTF8*$!
{
	archiveVersion = 1;
	classes = {
	};
	objectVersion = 50;
	objects = {

/* Begin PBXBuildFile section */
		D80B7D7623AB5C83000930B2 /* LightOnCommend.m in Sources */ = {isa = PBXBuildFile; fileRef = D80B7D7523AB5C83000930B2 /* LightOnCommend.m */; };
		D80B7D7923AB5C90000930B2 /* DoorOnCommend.m in Sources */ = {isa = PBXBuildFile; fileRef = D80B7D7823AB5C90000930B2 /* DoorOnCommend.m */; };
		D80B7D7C23AB5C9A000930B2 /* FanOnCommend.m in Sources */ = {isa = PBXBuildFile; fileRef = D80B7D7B23AB5C9A000930B2 /* FanOnCommend.m */; };
		D80B7D7F23AB5CB8000930B2 /* HeaterOnCommend.m in Sources */ = {isa = PBXBuildFile; fileRef = D80B7D7E23AB5CB8000930B2 /* HeaterOnCommend.m */; };
		D80B7D8223AB5CCB000930B2 /* TVOnCommend.m in Sources */ = {isa = PBXBuildFile; fileRef = D80B7D8123AB5CCB000930B2 /* TVOnCommend.m */; };
		D80F57912383C9C30068AA8F /* Shape.m in Sources */ = {isa = PBXBuildFile; fileRef = D80F57902383C9C30068AA8F /* Shape.m */; };
		D80F57942383C9FB0068AA8F /* Circle.m in Sources */ = {isa = PBXBuildFile; fileRef = D80F57932383C9FB0068AA8F /* Circle.m */; };
		D80F57972383CA210068AA8F /* Rectangle.m in Sources */ = {isa = PBXBuildFile; fileRef = D80F57962383CA210068AA8F /* Rectangle.m */; };
		D80F579A2383CA450068AA8F /* Square.m in Sources */ = {isa = PBXBuildFile; fileRef = D80F57992383CA450068AA8F /* Square.m */; };
		D80F579D2383CA880068AA8F /* ShapeFactory.m in Sources */ = {isa = PBXBuildFile; fileRef = D80F579C2383CA880068AA8F /* ShapeFactory.m */; };
		D82FC2DA2384D6D500C51366 /* FactoryPatternVC.m in Sources */ = {isa = PBXBuildFile; fileRef = D82FC2D92384D6D500C51366 /* FactoryPatternVC.m */; };
		D82FC2DE2384D98C00C51366 /* ImageLoader.m in Sources */ = {isa = PBXBuildFile; fileRef = D82FC2DD2384D98C00C51366 /* ImageLoader.m */; };
		D82FC2E12384D9B400C51366 /* PNGImageLoader.m in Sources */ = {isa = PBXBuildFile; fileRef = D82FC2E02384D9B400C51366 /* PNGImageLoader.m */; };
		D82FC2E42384D9D800C51366 /* GIFImageLoader.m in Sources */ = {isa = PBXBuildFile; fileRef = D82FC2E32384D9D800C51366 /* GIFImageLoader.m */; };
		D82FC2E72384D9E600C51366 /* JPGImageLoader.m in Sources */ = {isa = PBXBuildFile; fileRef = D82FC2E62384D9E600C51366 /* JPGImageLoader.m */; };
		D82FC2EA2384DC0300C51366 /* ImageFactory.m in Sources */ = {isa = PBXBuildFile; fileRef = D82FC2E92384DC0300C51366 /* ImageFactory.m */; };
		D82FC2ED2384DC3500C51366 /* PNGImageFactory.m in Sources */ = {isa = PBXBuildFile; fileRef = D82FC2EC2384DC3500C51366 /* PNGImageFactory.m */; };
		D82FC2F02384DC4200C51366 /* GIFImageFactory.m in Sources */ = {isa = PBXBuildFile; fileRef = D82FC2EF2384DC4200C51366 /* GIFImageFactory.m */; };
		D82FC2F32384DC4E00C51366 /* JPGImageFactory.m in Sources */ = {isa = PBXBuildFile; fileRef = D82FC2F22384DC4E00C51366 /* JPGImageFactory.m */; };
		D82FC2F7238517E200C51366 /* OperationController.m in Sources */ = {isa = PBXBuildFile; fileRef = D82FC2F6238517E200C51366 /* OperationController.m */; };
		D82FC2FA2385180D00C51366 /* WindowsOperationController.m in Sources */ = {isa = PBXBuildFile; fileRef = D82FC2F92385180D00C51366 /* WindowsOperationController.m */; };
		D82FC2FD2385181800C51366 /* iOSOperationController.m in Sources */ = {isa = PBXBuildFile; fileRef = D82FC2FC2385181800C51366 /* iOSOperationController.m */; };
		D82FC3002385182300C51366 /* AndroidOperationController.m in Sources */ = {isa = PBXBuildFile; fileRef = D82FC2FF2385182300C51366 /* AndroidOperationController.m */; };
		D82FC3032385189900C51366 /* InterfaceController.m in Sources */ = {isa = PBXBuildFile; fileRef = D82FC3022385189900C51366 /* InterfaceController.m */; };
		D82FC306238518AA00C51366 /* WindowsInterfaceController.m in Sources */ = {isa = PBXBuildFile; fileRef = D82FC305238518AA00C51366 /* WindowsInterfaceController.m */; };
		D82FC309238518B300C51366 /* iOSInterfaceController.m in Sources */ = {isa = PBXBuildFile; fileRef = D82FC308238518B300C51366 /* iOSInterfaceController.m */; };
		D82FC30C238518BB00C51366 /* AndroidInterfaceController.m in Sources */ = {isa = PBXBuildFile; fileRef = D82FC30B238518BB00C51366 /* AndroidInterfaceController.m */; };
		D82FC30F2385194800C51366 /* SystemFactory.m in Sources */ = {isa = PBXBuildFile; fileRef = D82FC30E2385194800C51366 /* SystemFactory.m */; };
		D82FC3122385196500C51366 /* WindowsFactory.m in Sources */ = {isa = PBXBuildFile; fileRef = D82FC3112385196500C51366 /* WindowsFactory.m */; };
		D82FC3152385197300C51366 /* iOSFactory.m in Sources */ = {isa = PBXBuildFile; fileRef = D82FC3142385197300C51366 /* iOSFactory.m */; };
		D82FC3182385197C00C51366 /* AndroidFactory.m in Sources */ = {isa = PBXBuildFile; fileRef = D82FC3172385197C00C51366 /* AndroidFactory.m */; };
		D8523CC12362C80B0092F747 /* KnifeBehavior.m in Sources */ = {isa = PBXBuildFile; fileRef = D8523CC02362C80B0092F747 /* KnifeBehavior.m */; };
		D8523CC42362C89A0092F747 /* SwordBehavior.m in Sources */ = {isa = PBXBuildFile; fileRef = D8523CC32362C89A0092F747 /* SwordBehavior.m */; };
		D8523CC72362C8DA0092F747 /* Queen.m in Sources */ = {isa = PBXBuildFile; fileRef = D8523CC62362C8DA0092F747 /* Queen.m */; };
		D88D35742371662200903F3C /* StrategyPatternVC.m in Sources */ = {isa = PBXBuildFile; fileRef = D88D35732371662200903F3C /* StrategyPatternVC.m */; };
		D88D3578237167B400903F3C /* DecoratorPatternVC.m in Sources */ = {isa = PBXBuildFile; fileRef = D88D3577237167B400903F3C /* DecoratorPatternVC.m */; };
		D88D357C23716A3100903F3C /* Espresso.m in Sources */ = {isa = PBXBuildFile; fileRef = D88D357B23716A3100903F3C /* Espresso.m */; };
		D88D357F23716B6500903F3C /* HouseBlend.m in Sources */ = {isa = PBXBuildFile; fileRef = D88D357E23716B6500903F3C /* HouseBlend.m */; };
		D88D358423716D0D00903F3C /* Moca.m in Sources */ = {isa = PBXBuildFile; fileRef = D88D358323716D0D00903F3C /* Moca.m */; };
		D88D358723716FCF00903F3C /* Milk.m in Sources */ = {isa = PBXBuildFile; fileRef = D88D358623716FCF00903F3C /* Milk.m */; };
		D88D358A2371707A00903F3C /* Soy.m in Sources */ = {isa = PBXBuildFile; fileRef = D88D35892371707A00903F3C /* Soy.m */; };
		D8A77AE723AB54E300CBA1DF /* CommendViewController.m in Sources */ = {isa = PBXBuildFile; fileRef = D8A77AE523AB54E300CBA1DF /* CommendViewController.m */; };
		D8A77AE823AB54E300CBA1DF /* CommendViewController.xib in Resources */ = {isa = PBXBuildFile; fileRef = D8A77AE623AB54E300CBA1DF /* CommendViewController.xib */; };
		D8AE543A23B9974500A105B7 /* Light.m in Sources */ = {isa = PBXBuildFile; fileRef = D8AE543923B9974500A105B7 /* Light.m */; };
		D8AE543F23B99E4B00A105B7 /* RemoteControl.m in Sources */ = {isa = PBXBuildFile; fileRef = D8AE543E23B99E4B00A105B7 /* RemoteControl.m */; };
		D8AE544223B99F9D00A105B7 /* NoCommend.m in Sources */ = {isa = PBXBuildFile; fileRef = D8AE544123B99F9D00A105B7 /* NoCommend.m */; };
		D8AE544523B9A30200A105B7 /* LightOffCommend.m in Sources */ = {isa = PBXBuildFile; fileRef = D8AE544423B9A30200A105B7 /* LightOffCommend.m */; };
		D8AE544823B9A46400A105B7 /* Door.m in Sources */ = {isa = PBXBuildFile; fileRef = D8AE544723B9A46400A105B7 /* Door.m */; };
		D8AE544B23B9C7C100A105B7 /* DoorOffCommend.m in Sources */ = {isa = PBXBuildFile; fileRef = D8AE544A23B9C7C100A105B7 /* DoorOffCommend.m */; };
		D8AE544E23B9C81500A105B7 /* Fan.m in Sources */ = {isa = PBXBuildFile; fileRef = D8AE544D23B9C81500A105B7 /* Fan.m */; };
		D8AE545123B9C89A00A105B7 /* FanOffCommend.m in Sources */ = {isa = PBXBuildFile; fileRef = D8AE545023B9C89A00A105B7 /* FanOffCommend.m */; };
		D8AE545423B9C8B700A105B7 /* HeaterOffCommend.m in Sources */ = {isa = PBXBuildFile; fileRef = D8AE545323B9C8B700A105B7 /* HeaterOffCommend.m */; };
		D8AE545723B9C8C400A105B7 /* TVOffCommend.m in Sources */ = {isa = PBXBuildFile; fileRef = D8AE545623B9C8C400A105B7 /* TVOffCommend.m */; };
		D8AE545A23B9C8D100A105B7 /* Heater.m in Sources */ = {isa = PBXBuildFile; fileRef = D8AE545923B9C8D100A105B7 /* Heater.m */; };
		D8AE545D23B9C8D900A105B7 /* TV.m in Sources */ = {isa = PBXBuildFile; fileRef = D8AE545C23B9C8D900A105B7 /* TV.m */; };
		D8E661EF2362977E001C7D77 /* AppDelegate.m in Sources */ = {isa = PBXBuildFile; fileRef = D8E661EE2362977E001C7D77 /* AppDelegate.m */; };
		D8E661F22362977E001C7D77 /* SceneDelegate.m in Sources */ = {isa = PBXBuildFile; fileRef = D8E661F12362977E001C7D77 /* SceneDelegate.m */; };
		D8E661F52362977E001C7D77 /* ViewController.m in Sources */ = {isa = PBXBuildFile; fileRef = D8E661F42362977E001C7D77 /* ViewController.m */; };
		D8E661F82362977E001C7D77 /* Main.storyboard in Resources */ = {isa = PBXBuildFile; fileRef = D8E661F62362977E001C7D77 /* Main.storyboard */; };
		D8E661FA2362978B001C7D77 /* Assets.xcassets in Resources */ = {isa = PBXBuildFile; fileRef = D8E661F92362978B001C7D77 /* Assets.xcassets */; };
		D8E661FD2362978B001C7D77 /* LaunchScreen.storyboard in Resources */ = {isa = PBXBuildFile; fileRef = D8E661FB2362978B001C7D77 /* LaunchScreen.storyboard */; };
		D8E662002362978B001C7D77 /* main.m in Sources */ = {isa = PBXBuildFile; fileRef = D8E661FF2362978B001C7D77 /* main.m */; };
		D8E6620823629CE8001C7D77 /* Character.m in Sources */ = {isa = PBXBuildFile; fileRef = D8E6620723629CE8001C7D77 /* Character.m */; };
		D8E6620B23629CF9001C7D77 /* King.m in Sources */ = {isa = PBXBuildFile; fileRef = D8E6620A23629CF9001C7D77 /* King.m */; };
		D8E6621123629F8C001C7D77 /* AxeBehavior.m in Sources */ = {isa = PBXBuildFile; fileRef = D8E6621023629F8C001C7D77 /* AxeBehavior.m */; };
		D8F280C2238E76F0000E194A /* Singleton.m in Sources */ = {isa = PBXBuildFile; fileRef = D8F280C1238E76F0000E194A /* Singleton.m */; };
		D8F280C5238E7C14000E194A /* Singleton_Macro.m in Sources */ = {isa = PBXBuildFile; fileRef = D8F280C4238E7C14000E194A /* Singleton_Macro.m */; };
/* End PBXBuildFile section */

/* Begin PBXFileReference section */
		D80B7D7323AB5C34000930B2 /* Commend.h */ = {isa = PBXFileReference; lastKnownFileType = sourcecode.c.h; path = Commend.h; sourceTree = "<group>"; };
		D80B7D7423AB5C83000930B2 /* LightOnCommend.h */ = {isa = PBXFileReference; lastKnownFileType = sourcecode.c.h; path = LightOnCommend.h; sourceTree = "<group>"; };
		D80B7D7523AB5C83000930B2 /* LightOnCommend.m */ = {isa = PBXFileReference; lastKnownFileType = sourcecode.c.objc; path = LightOnCommend.m; sourceTree = "<group>"; };
		D80B7D7723AB5C90000930B2 /* DoorOnCommend.h */ = {isa = PBXFileReference; lastKnownFileType = sourcecode.c.h; path = DoorOnCommend.h; sourceTree = "<group>"; };
		D80B7D7823AB5C90000930B2 /* DoorOnCommend.m */ = {isa = PBXFileReference; lastKnownFileType = sourcecode.c.objc; path = DoorOnCommend.m; sourceTree = "<group>"; };
		D80B7D7A23AB5C9A000930B2 /* FanOnCommend.h */ = {isa = PBXFileReference; lastKnownFileType = sourcecode.c.h; path = FanOnCommend.h; sourceTree = "<group>"; };
		D80B7D7B23AB5C9A000930B2 /* FanOnCommend.m */ = {isa = PBXFileReference; lastKnownFileType = sourcecode.c.objc; path = FanOnCommend.m; sourceTree = "<group>"; };
		D80B7D7D23AB5CB8000930B2 /* HeaterOnCommend.h */ = {isa = PBXFileReference; lastKnownFileType = sourcecode.c.h; path = HeaterOnCommend.h; sourceTree = "<group>"; };
		D80B7D7E23AB5CB8000930B2 /* HeaterOnCommend.m */ = {isa = PBXFileReference; lastKnownFileType = sourcecode.c.objc; path = HeaterOnCommend.m; sourceTree = "<group>"; };
		D80B7D8023AB5CCB000930B2 /* TVOnCommend.h */ = {isa = PBXFileReference; lastKnownFileType = sourcecode.c.h; path = TVOnCommend.h; sourceTree = "<group>"; };
		D80B7D8123AB5CCB000930B2 /* TVOnCommend.m */ = {isa = PBXFileReference; lastKnownFileType = sourcecode.c.objc; path = TVOnCommend.m; sourceTree = "<group>"; };
		D80F578F2383C9C30068AA8F /* Shape.h */ = {isa = PBXFileReference; lastKnownFileType = sourcecode.c.h; path = Shape.h; sourceTree = "<group>"; };
		D80F57902383C9C30068AA8F /* Shape.m */ = {isa = PBXFileReference; lastKnownFileType = sourcecode.c.objc; path = Shape.m; sourceTree = "<group>"; };
		D80F57922383C9FB0068AA8F /* Circle.h */ = {isa = PBXFileReference; lastKnownFileType = sourcecode.c.h; path = Circle.h; sourceTree = "<group>"; };
		D80F57932383C9FB0068AA8F /* Circle.m */ = {isa = PBXFileReference; lastKnownFileType = sourcecode.c.objc; path = Circle.m; sourceTree = "<group>"; };
		D80F57952383CA210068AA8F /* Rectangle.h */ = {isa = PBXFileReference; lastKnownFileType = sourcecode.c.h; path = Rectangle.h; sourceTree = "<group>"; };
		D80F57962383CA210068AA8F /* Rectangle.m */ = {isa = PBXFileReference; lastKnownFileType = sourcecode.c.objc; path = Rectangle.m; sourceTree = "<group>"; };
		D80F57982383CA450068AA8F /* Square.h */ = {isa = PBXFileReference; lastKnownFileType = sourcecode.c.h; path = Square.h; sourceTree = "<group>"; };
		D80F57992383CA450068AA8F /* Square.m */ = {isa = PBXFileReference; lastKnownFileType = sourcecode.c.objc; path = Square.m; sourceTree = "<group>"; };
		D80F579B2383CA880068AA8F /* ShapeFactory.h */ = {isa = PBXFileReference; lastKnownFileType = sourcecode.c.h; path = ShapeFactory.h; sourceTree = "<group>"; };
		D80F579C2383CA880068AA8F /* ShapeFactory.m */ = {isa = PBXFileReference; lastKnownFileType = sourcecode.c.objc; path = ShapeFactory.m; sourceTree = "<group>"; };
		D82FC2D82384D6D500C51366 /* FactoryPatternVC.h */ = {isa = PBXFileReference; lastKnownFileType = sourcecode.c.h; path = FactoryPatternVC.h; sourceTree = "<group>"; };
		D82FC2D92384D6D500C51366 /* FactoryPatternVC.m */ = {isa = PBXFileReference; lastKnownFileType = sourcecode.c.objc; path = FactoryPatternVC.m; sourceTree = "<group>"; };
		D82FC2DC2384D98C00C51366 /* ImageLoader.h */ = {isa = PBXFileReference; lastKnownFileType = sourcecode.c.h; path = ImageLoader.h; sourceTree = "<group>"; };
		D82FC2DD2384D98C00C51366 /* ImageLoader.m */ = {isa = PBXFileReference; lastKnownFileType = sourcecode.c.objc; path = ImageLoader.m; sourceTree = "<group>"; };
		D82FC2DF2384D9B400C51366 /* PNGImageLoader.h */ = {isa = PBXFileReference; lastKnownFileType = sourcecode.c.h; path = PNGImageLoader.h; sourceTree = "<group>"; };
		D82FC2E02384D9B400C51366 /* PNGImageLoader.m */ = {isa = PBXFileReference; lastKnownFileType = sourcecode.c.objc; path = PNGImageLoader.m; sourceTree = "<group>"; };
		D82FC2E22384D9D800C51366 /* GIFImageLoader.h */ = {isa = PBXFileReference; lastKnownFileType = sourcecode.c.h; path = GIFImageLoader.h; sourceTree = "<group>"; };
		D82FC2E32384D9D800C51366 /* GIFImageLoader.m */ = {isa = PBXFileReference; lastKnownFileType = sourcecode.c.objc; path = GIFImageLoader.m; sourceTree = "<group>"; };
		D82FC2E52384D9E600C51366 /* JPGImageLoader.h */ = {isa = PBXFileReference; lastKnownFileType = sourcecode.c.h; path = JPGImageLoader.h; sourceTree = "<group>"; };
		D82FC2E62384D9E600C51366 /* JPGImageLoader.m */ = {isa = PBXFileReference; lastKnownFileType = sourcecode.c.objc; path = JPGImageLoader.m; sourceTree = "<group>"; };
		D82FC2E82384DC0300C51366 /* ImageFactory.h */ = {isa = PBXFileReference; lastKnownFileType = sourcecode.c.h; path = ImageFactory.h; sourceTree = "<group>"; };
		D82FC2E92384DC0300C51366 /* ImageFactory.m */ = {isa = PBXFileReference; lastKnownFileType = sourcecode.c.objc; path = ImageFactory.m; sourceTree = "<group>"; };
		D82FC2EB2384DC3500C51366 /* PNGImageFactory.h */ = {isa = PBXFileReference; lastKnownFileType = sourcecode.c.h; path = PNGImageFactory.h; sourceTree = "<group>"; };
		D82FC2EC2384DC3500C51366 /* PNGImageFactory.m */ = {isa = PBXFileReference; lastKnownFileType = sourcecode.c.objc; path = PNGImageFactory.m; sourceTree = "<group>"; };
		D82FC2EE2384DC4200C51366 /* GIFImageFactory.h */ = {isa = PBXFileReference; lastKnownFileType = sourcecode.c.h; path = GIFImageFactory.h; sourceTree = "<group>"; };
		D82FC2EF2384DC4200C51366 /* GIFImageFactory.m */ = {isa = PBXFileReference; lastKnownFileType = sourcecode.c.objc; path = GIFImageFactory.m; sourceTree = "<group>"; };
		D82FC2F12384DC4E00C51366 /* JPGImageFactory.h */ = {isa = PBXFileReference; lastKnownFileType = sourcecode.c.h; path = JPGImageFactory.h; sourceTree = "<group>"; };
		D82FC2F22384DC4E00C51366 /* JPGImageFactory.m */ = {isa = PBXFileReference; lastKnownFileType = sourcecode.c.objc; path = JPGImageFactory.m; sourceTree = "<group>"; };
		D82FC2F5238517E200C51366 /* OperationController.h */ = {isa = PBXFileReference; lastKnownFileType = sourcecode.c.h; path = OperationController.h; sourceTree = "<group>"; };
		D82FC2F6238517E200C51366 /* OperationController.m */ = {isa = PBXFileReference; lastKnownFileType = sourcecode.c.objc; path = OperationController.m; sourceTree = "<group>"; };
		D82FC2F82385180D00C51366 /* WindowsOperationController.h */ = {isa = PBXFileReference; lastKnownFileType = sourcecode.c.h; path = WindowsOperationController.h; sourceTree = "<group>"; };
		D82FC2F92385180D00C51366 /* WindowsOperationController.m */ = {isa = PBXFileReference; lastKnownFileType = sourcecode.c.objc; path = WindowsOperationController.m; sourceTree = "<group>"; };
		D82FC2FB2385181800C51366 /* iOSOperationController.h */ = {isa = PBXFileReference; lastKnownFileType = sourcecode.c.h; path = iOSOperationController.h; sourceTree = "<group>"; };
		D82FC2FC2385181800C51366 /* iOSOperationController.m */ = {isa = PBXFileReference; lastKnownFileType = sourcecode.c.objc; path = iOSOperationController.m; sourceTree = "<group>"; };
		D82FC2FE2385182300C51366 /* AndroidOperationController.h */ = {isa = PBXFileReference; lastKnownFileType = sourcecode.c.h; path = AndroidOperationController.h; sourceTree = "<group>"; };
		D82FC2FF2385182300C51366 /* AndroidOperationController.m */ = {isa = PBXFileReference; lastKnownFileType = sourcecode.c.objc; path = AndroidOperationController.m; sourceTree = "<group>"; };
		D82FC3012385189900C51366 /* InterfaceController.h */ = {isa = PBXFileReference; lastKnownFileType = sourcecode.c.h; path = InterfaceController.h; sourceTree = "<group>"; };
		D82FC3022385189900C51366 /* InterfaceController.m */ = {isa = PBXFileReference; lastKnownFileType = sourcecode.c.objc; path = InterfaceController.m; sourceTree = "<group>"; };
		D82FC304238518AA00C51366 /* WindowsInterfaceController.h */ = {isa = PBXFileReference; lastKnownFileType = sourcecode.c.h; path = WindowsInterfaceController.h; sourceTree = "<group>"; };
		D82FC305238518AA00C51366 /* WindowsInterfaceController.m */ = {isa = PBXFileReference; lastKnownFileType = sourcecode.c.objc; path = WindowsInterfaceController.m; sourceTree = "<group>"; };
		D82FC307238518B300C51366 /* iOSInterfaceController.h */ = {isa = PBXFileReference; lastKnownFileType = sourcecode.c.h; path = iOSInterfaceController.h; sourceTree = "<group>"; };
		D82FC308238518B300C51366 /* iOSInterfaceController.m */ = {isa = PBXFileReference; lastKnownFileType = sourcecode.c.objc; path = iOSInterfaceController.m; sourceTree = "<group>"; };
		D82FC30A238518BB00C51366 /* AndroidInterfaceController.h */ = {isa = PBXFileReference; lastKnownFileType = sourcecode.c.h; path = AndroidInterfaceController.h; sourceTree = "<group>"; };
		D82FC30B238518BB00C51366 /* AndroidInterfaceController.m */ = {isa = PBXFileReference; lastKnownFileType = sourcecode.c.objc; path = AndroidInterfaceController.m; sourceTree = "<group>"; };
		D82FC30D2385194800C51366 /* SystemFactory.h */ = {isa = PBXFileReference; lastKnownFileType = sourcecode.c.h; path = SystemFactory.h; sourceTree = "<group>"; };
		D82FC30E2385194800C51366 /* SystemFactory.m */ = {isa = PBXFileReference; lastKnownFileType = sourcecode.c.objc; path = SystemFactory.m; sourceTree = "<group>"; };
		D82FC3102385196500C51366 /* WindowsFactory.h */ = {isa = PBXFileReference; lastKnownFileType = sourcecode.c.h; path = WindowsFactory.h; sourceTree = "<group>"; };
		D82FC3112385196500C51366 /* WindowsFactory.m */ = {isa = PBXFileReference; lastKnownFileType = sourcecode.c.objc; path = WindowsFactory.m; sourceTree = "<group>"; };
		D82FC3132385197300C51366 /* iOSFactory.h */ = {isa = PBXFileReference; lastKnownFileType = sourcecode.c.h; path = iOSFactory.h; sourceTree = "<group>"; };
		D82FC3142385197300C51366 /* iOSFactory.m */ = {isa = PBXFileReference; lastKnownFileType = sourcecode.c.objc; path = iOSFactory.m; sourceTree = "<group>"; };
		D82FC3162385197C00C51366 /* AndroidFactory.h */ = {isa = PBXFileReference; lastKnownFileType = sourcecode.c.h; path = AndroidFactory.h; sourceTree = "<group>"; };
		D82FC3172385197C00C51366 /* AndroidFactory.m */ = {isa = PBXFileReference; lastKnownFileType = sourcecode.c.objc; path = AndroidFactory.m; sourceTree = "<group>"; };
		D8523CBF2362C80B0092F747 /* KnifeBehavior.h */ = {isa = PBXFileReference; lastKnownFileType = sourcecode.c.h; path = KnifeBehavior.h; sourceTree = "<group>"; };
		D8523CC02362C80B0092F747 /* KnifeBehavior.m */ = {isa = PBXFileReference; lastKnownFileType = sourcecode.c.objc; path = KnifeBehavior.m; sourceTree = "<group>"; };
		D8523CC22362C89A0092F747 /* SwordBehavior.h */ = {isa = PBXFileReference; lastKnownFileType = sourcecode.c.h; path = SwordBehavior.h; sourceTree = "<group>"; };
		D8523CC32362C89A0092F747 /* SwordBehavior.m */ = {isa = PBXFileReference; lastKnownFileType = sourcecode.c.objc; path = SwordBehavior.m; sourceTree = "<group>"; };
		D8523CC52362C8DA0092F747 /* Queen.h */ = {isa = PBXFileReference; lastKnownFileType = sourcecode.c.h; path = Queen.h; sourceTree = "<group>"; };
		D8523CC62362C8DA0092F747 /* Queen.m */ = {isa = PBXFileReference; lastKnownFileType = sourcecode.c.objc; path = Queen.m; sourceTree = "<group>"; };
		D88D35722371662200903F3C /* StrategyPatternVC.h */ = {isa = PBXFileReference; lastKnownFileType = sourcecode.c.h; path = StrategyPatternVC.h; sourceTree = "<group>"; };
		D88D35732371662200903F3C /* StrategyPatternVC.m */ = {isa = PBXFileReference; lastKnownFileType = sourcecode.c.objc; path = StrategyPatternVC.m; sourceTree = "<group>"; };
		D88D3576237167B400903F3C /* DecoratorPatternVC.h */ = {isa = PBXFileReference; lastKnownFileType = sourcecode.c.h; path = DecoratorPatternVC.h; sourceTree = "<group>"; };
		D88D3577237167B400903F3C /* DecoratorPatternVC.m */ = {isa = PBXFileReference; lastKnownFileType = sourcecode.c.objc; path = DecoratorPatternVC.m; sourceTree = "<group>"; };
		D88D35792371697000903F3C /* Baverage.h */ = {isa = PBXFileReference; lastKnownFileType = sourcecode.c.h; path = Baverage.h; sourceTree = "<group>"; };
		D88D357A23716A3100903F3C /* Espresso.h */ = {isa = PBXFileReference; lastKnownFileType = sourcecode.c.h; path = Espresso.h; sourceTree = "<group>"; };
		D88D357B23716A3100903F3C /* Espresso.m */ = {isa = PBXFileReference; lastKnownFileType = sourcecode.c.objc; path = Espresso.m; sourceTree = "<group>"; };
		D88D357D23716B6500903F3C /* HouseBlend.h */ = {isa = PBXFileReference; lastKnownFileType = sourcecode.c.h; path = HouseBlend.h; sourceTree = "<group>"; };
		D88D357E23716B6500903F3C /* HouseBlend.m */ = {isa = PBXFileReference; lastKnownFileType = sourcecode.c.objc; path = HouseBlend.m; sourceTree = "<group>"; };
		D88D358023716CB900903F3C /* Condiment.h */ = {isa = PBXFileReference; lastKnownFileType = sourcecode.c.h; path = Condiment.h; sourceTree = "<group>"; };
		D88D358223716D0D00903F3C /* Moca.h */ = {isa = PBXFileReference; lastKnownFileType = sourcecode.c.h; path = Moca.h; sourceTree = "<group>"; };
		D88D358323716D0D00903F3C /* Moca.m */ = {isa = PBXFileReference; lastKnownFileType = sourcecode.c.objc; path = Moca.m; sourceTree = "<group>"; };
		D88D358523716FCF00903F3C /* Milk.h */ = {isa = PBXFileReference; lastKnownFileType = sourcecode.c.h; path = Milk.h; sourceTree = "<group>"; };
		D88D358623716FCF00903F3C /* Milk.m */ = {isa = PBXFileReference; lastKnownFileType = sourcecode.c.objc; path = Milk.m; sourceTree = "<group>"; };
		D88D35882371707A00903F3C /* Soy.h */ = {isa = PBXFileReference; lastKnownFileType = sourcecode.c.h; path = Soy.h; sourceTree = "<group>"; };
		D88D35892371707A00903F3C /* Soy.m */ = {isa = PBXFileReference; lastKnownFileType = sourcecode.c.objc; path = Soy.m; sourceTree = "<group>"; };
		D8A77AE423AB54E300CBA1DF /* CommendViewController.h */ = {isa = PBXFileReference; lastKnownFileType = sourcecode.c.h; path = CommendViewController.h; sourceTree = "<group>"; };
		D8A77AE523AB54E300CBA1DF /* CommendViewController.m */ = {isa = PBXFileReference; lastKnownFileType = sourcecode.c.objc; path = CommendViewController.m; sourceTree = "<group>"; };
		D8A77AE623AB54E300CBA1DF /* CommendViewController.xib */ = {isa = PBXFileReference; lastKnownFileType = file.xib; path = CommendViewController.xib; sourceTree = "<group>"; };
		D8AE543823B9974500A105B7 /* Light.h */ = {isa = PBXFileReference; lastKnownFileType = sourcecode.c.h; path = Light.h; sourceTree = "<group>"; };
		D8AE543923B9974500A105B7 /* Light.m */ = {isa = PBXFileReference; lastKnownFileType = sourcecode.c.objc; path = Light.m; sourceTree = "<group>"; };
		D8AE543D23B99E4B00A105B7 /* RemoteControl.h */ = {isa = PBXFileReference; lastKnownFileType = sourcecode.c.h; path = RemoteControl.h; sourceTree = "<group>"; };
		D8AE543E23B99E4B00A105B7 /* RemoteControl.m */ = {isa = PBXFileReference; lastKnownFileType = sourcecode.c.objc; path = RemoteControl.m; sourceTree = "<group>"; };
		D8AE544023B99F9D00A105B7 /* NoCommend.h */ = {isa = PBXFileReference; lastKnownFileType = sourcecode.c.h; path = NoCommend.h; sourceTree = "<group>"; };
		D8AE544123B99F9D00A105B7 /* NoCommend.m */ = {isa = PBXFileReference; lastKnownFileType = sourcecode.c.objc; path = NoCommend.m; sourceTree = "<group>"; };
		D8AE544323B9A30200A105B7 /* LightOffCommend.h */ = {isa = PBXFileReference; lastKnownFileType = sourcecode.c.h; path = LightOffCommend.h; sourceTree = "<group>"; };
		D8AE544423B9A30200A105B7 /* LightOffCommend.m */ = {isa = PBXFileReference; lastKnownFileType = sourcecode.c.objc; path = LightOffCommend.m; sourceTree = "<group>"; };
		D8AE544623B9A46400A105B7 /* Door.h */ = {isa = PBXFileReference; lastKnownFileType = sourcecode.c.h; path = Door.h; sourceTree = "<group>"; };
		D8AE544723B9A46400A105B7 /* Door.m */ = {isa = PBXFileReference; lastKnownFileType = sourcecode.c.objc; path = Door.m; sourceTree = "<group>"; };
		D8AE544923B9C7C100A105B7 /* DoorOffCommend.h */ = {isa = PBXFileReference; lastKnownFileType = sourcecode.c.h; path = DoorOffCommend.h; sourceTree = "<group>"; };
		D8AE544A23B9C7C100A105B7 /* DoorOffCommend.m */ = {isa = PBXFileReference; lastKnownFileType = sourcecode.c.objc; path = DoorOffCommend.m; sourceTree = "<group>"; };
		D8AE544C23B9C81500A105B7 /* Fan.h */ = {isa = PBXFileReference; lastKnownFileType = sourcecode.c.h; path = Fan.h; sourceTree = "<group>"; };
		D8AE544D23B9C81500A105B7 /* Fan.m */ = {isa = PBXFileReference; lastKnownFileType = sourcecode.c.objc; path = Fan.m; sourceTree = "<group>"; };
		D8AE544F23B9C89A00A105B7 /* FanOffCommend.h */ = {isa = PBXFileReference; lastKnownFileType = sourcecode.c.h; path = FanOffCommend.h; sourceTree = "<group>"; };
		D8AE545023B9C89A00A105B7 /* FanOffCommend.m */ = {isa = PBXFileReference; lastKnownFileType = sourcecode.c.objc; path = FanOffCommend.m; sourceTree = "<group>"; };
		D8AE545223B9C8B700A105B7 /* HeaterOffCommend.h */ = {isa = PBXFileReference; lastKnownFileType = sourcecode.c.h; path = HeaterOffCommend.h; sourceTree = "<group>"; };
		D8AE545323B9C8B700A105B7 /* HeaterOffCommend.m */ = {isa = PBXFileReference; lastKnownFileType = sourcecode.c.objc; path = HeaterOffCommend.m; sourceTree = "<group>"; };
		D8AE545523B9C8C400A105B7 /* TVOffCommend.h */ = {isa = PBXFileReference; lastKnownFileType = sourcecode.c.h; path = TVOffCommend.h; sourceTree = "<group>"; };
		D8AE545623B9C8C400A105B7 /* TVOffCommend.m */ = {isa = PBXFileReference; lastKnownFileType = sourcecode.c.objc; path = TVOffCommend.m; sourceTree = "<group>"; };
		D8AE545823B9C8D100A105B7 /* Heater.h */ = {isa = PBXFileReference; lastKnownFileType = sourcecode.c.h; path = Heater.h; sourceTree = "<group>"; };
		D8AE545923B9C8D100A105B7 /* Heater.m */ = {isa = PBXFileReference; lastKnownFileType = sourcecode.c.objc; path = Heater.m; sourceTree = "<group>"; };
		D8AE545B23B9C8D900A105B7 /* TV.h */ = {isa = PBXFileReference; lastKnownFileType = sourcecode.c.h; path = TV.h; sourceTree = "<group>"; };
		D8AE545C23B9C8D900A105B7 /* TV.m */ = {isa = PBXFileReference; lastKnownFileType = sourcecode.c.objc; path = TV.m; sourceTree = "<group>"; };
		D8E661EA2362977E001C7D77 /* DesignPattern.app */ = {isa = PBXFileReference; explicitFileType = wrapper.application; includeInIndex = 0; path = DesignPattern.app; sourceTree = BUILT_PRODUCTS_DIR; };
		D8E661ED2362977E001C7D77 /* AppDelegate.h */ = {isa = PBXFileReference; lastKnownFileType = sourcecode.c.h; path = AppDelegate.h; sourceTree = "<group>"; };
		D8E661EE2362977E001C7D77 /* AppDelegate.m */ = {isa = PBXFileReference; lastKnownFileType = sourcecode.c.objc; path = AppDelegate.m; sourceTree = "<group>"; };
		D8E661F02362977E001C7D77 /* SceneDelegate.h */ = {isa = PBXFileReference; lastKnownFileType = sourcecode.c.h; path = SceneDelegate.h; sourceTree = "<group>"; };
		D8E661F12362977E001C7D77 /* SceneDelegate.m */ = {isa = PBXFileReference; lastKnownFileType = sourcecode.c.objc; path = SceneDelegate.m; sourceTree = "<group>"; };
		D8E661F32362977E001C7D77 /* ViewController.h */ = {isa = PBXFileReference; lastKnownFileType = sourcecode.c.h; path = ViewController.h; sourceTree = "<group>"; };
		D8E661F42362977E001C7D77 /* ViewController.m */ = {isa = PBXFileReference; lastKnownFileType = sourcecode.c.objc; path = ViewController.m; sourceTree = "<group>"; };
		D8E661F72362977E001C7D77 /* Base */ = {isa = PBXFileReference; lastKnownFileType = file.storyboard; name = Base; path = Base.lproj/Main.storyboard; sourceTree = "<group>"; };
		D8E661F92362978B001C7D77 /* Assets.xcassets */ = {isa = PBXFileReference; lastKnownFileType = folder.assetcatalog; path = Assets.xcassets; sourceTree = "<group>"; };
		D8E661FC2362978B001C7D77 /* Base */ = {isa = PBXFileReference; lastKnownFileType = file.storyboard; name = Base; path = Base.lproj/LaunchScreen.storyboard; sourceTree = "<group>"; };
		D8E661FE2362978B001C7D77 /* Info.plist */ = {isa = PBXFileReference; lastKnownFileType = text.plist.xml; path = Info.plist; sourceTree = "<group>"; };
		D8E661FF2362978B001C7D77 /* main.m */ = {isa = PBXFileReference; lastKnownFileType = sourcecode.c.objc; path = main.m; sourceTree = "<group>"; };
		D8E6620623629CE7001C7D77 /* Character.h */ = {isa = PBXFileReference; lastKnownFileType = sourcecode.c.h; path = Character.h; sourceTree = "<group>"; };
		D8E6620723629CE8001C7D77 /* Character.m */ = {isa = PBXFileReference; lastKnownFileType = sourcecode.c.objc; path = Character.m; sourceTree = "<group>"; };
		D8E6620923629CF9001C7D77 /* King.h */ = {isa = PBXFileReference; lastKnownFileType = sourcecode.c.h; path = King.h; sourceTree = "<group>"; };
		D8E6620A23629CF9001C7D77 /* King.m */ = {isa = PBXFileReference; lastKnownFileType = sourcecode.c.objc; path = King.m; sourceTree = "<group>"; };
		D8E6620D23629F33001C7D77 /* WeaponBehavior.h */ = {isa = PBXFileReference; lastKnownFileType = sourcecode.c.h; path = WeaponBehavior.h; sourceTree = "<group>"; };
		D8E6620F23629F8C001C7D77 /* AxeBehavior.h */ = {isa = PBXFileReference; lastKnownFileType = sourcecode.c.h; path = AxeBehavior.h; sourceTree = "<group>"; };
		D8E6621023629F8C001C7D77 /* AxeBehavior.m */ = {isa = PBXFileReference; lastKnownFileType = sourcecode.c.objc; path = AxeBehavior.m; sourceTree = "<group>"; };
		D8F280C0238E76F0000E194A /* Singleton.h */ = {isa = PBXFileReference; lastKnownFileType = sourcecode.c.h; path = Singleton.h; sourceTree = "<group>"; };
		D8F280C1238E76F0000E194A /* Singleton.m */ = {isa = PBXFileReference; lastKnownFileType = sourcecode.c.objc; path = Singleton.m; sourceTree = "<group>"; };
		D8F280C3238E7C14000E194A /* Singleton_Macro.h */ = {isa = PBXFileReference; lastKnownFileType = sourcecode.c.h; path = Singleton_Macro.h; sourceTree = "<group>"; };
		D8F280C4238E7C14000E194A /* Singleton_Macro.m */ = {isa = PBXFileReference; lastKnownFileType = sourcecode.c.objc; path = Singleton_Macro.m; sourceTree = "<group>"; };
		D8F280C9238E7C3B000E194A /* Macro.h */ = {isa = PBXFileReference; lastKnownFileType = sourcecode.c.h; path = Macro.h; sourceTree = "<group>"; };
/* End PBXFileReference section */

/* Begin PBXFrameworksBuildPhase section */
		D8E661E72362977E001C7D77 /* Frameworks */ = {
			isa = PBXFrameworksBuildPhase;
			buildActionMask = 2147483647;
			files = (
			);
			runOnlyForDeploymentPostprocessing = 0;
		};
/* End PBXFrameworksBuildPhase section */

/* Begin PBXGroup section */
		D80F578E2382A4F30068AA8F /* 工厂模式 */ = {
			isa = PBXGroup;
			children = (
				D82FC2F42385175600C51366 /* 抽象工厂模式 */,
				D82FC2DB2384D95C00C51366 /* 工厂模式 */,
				D80F579E2383CB730068AA8F /* 简单工厂模式 */,
				D82FC2D82384D6D500C51366 /* FactoryPatternVC.h */,
				D82FC2D92384D6D500C51366 /* FactoryPatternVC.m */,
			);
			path = "工厂模式";
			sourceTree = "<group>";
		};
		D80F579E2383CB730068AA8F /* 简单工厂模式 */ = {
			isa = PBXGroup;
			children = (
				D80F578F2383C9C30068AA8F /* Shape.h */,
				D80F57902383C9C30068AA8F /* Shape.m */,
				D80F57922383C9FB0068AA8F /* Circle.h */,
				D80F57932383C9FB0068AA8F /* Circle.m */,
				D80F57952383CA210068AA8F /* Rectangle.h */,
				D80F57962383CA210068AA8F /* Rectangle.m */,
				D80F57982383CA450068AA8F /* Square.h */,
				D80F57992383CA450068AA8F /* Square.m */,
				D80F579B2383CA880068AA8F /* ShapeFactory.h */,
				D80F579C2383CA880068AA8F /* ShapeFactory.m */,
			);
			path = "简单工厂模式";
			sourceTree = "<group>";
		};
		D82FC2DB2384D95C00C51366 /* 工厂模式 */ = {
			isa = PBXGroup;
			children = (
				D82FC2DC2384D98C00C51366 /* ImageLoader.h */,
				D82FC2DD2384D98C00C51366 /* ImageLoader.m */,
				D82FC2DF2384D9B400C51366 /* PNGImageLoader.h */,
				D82FC2E02384D9B400C51366 /* PNGImageLoader.m */,
				D82FC2E22384D9D800C51366 /* GIFImageLoader.h */,
				D82FC2E32384D9D800C51366 /* GIFImageLoader.m */,
				D82FC2E52384D9E600C51366 /* JPGImageLoader.h */,
				D82FC2E62384D9E600C51366 /* JPGImageLoader.m */,
				D82FC2E82384DC0300C51366 /* ImageFactory.h */,
				D82FC2E92384DC0300C51366 /* ImageFactory.m */,
				D82FC2EB2384DC3500C51366 /* PNGImageFactory.h */,
				D82FC2EC2384DC3500C51366 /* PNGImageFactory.m */,
				D82FC2EE2384DC4200C51366 /* GIFImageFactory.h */,
				D82FC2EF2384DC4200C51366 /* GIFImageFactory.m */,
				D82FC2F12384DC4E00C51366 /* JPGImageFactory.h */,
				D82FC2F22384DC4E00C51366 /* JPGImageFactory.m */,
			);
			path = "工厂模式";
			sourceTree = "<group>";
		};
		D82FC2F42385175600C51366 /* 抽象工厂模式 */ = {
			isa = PBXGroup;
			children = (
				D82FC2F5238517E200C51366 /* OperationController.h */,
				D82FC2F6238517E200C51366 /* OperationController.m */,
				D82FC2F82385180D00C51366 /* WindowsOperationController.h */,
				D82FC2F92385180D00C51366 /* WindowsOperationController.m */,
				D82FC2FB2385181800C51366 /* iOSOperationController.h */,
				D82FC2FC2385181800C51366 /* iOSOperationController.m */,
				D82FC2FE2385182300C51366 /* AndroidOperationController.h */,
				D82FC2FF2385182300C51366 /* AndroidOperationController.m */,
				D82FC3012385189900C51366 /* InterfaceController.h */,
				D82FC3022385189900C51366 /* InterfaceController.m */,
				D82FC304238518AA00C51366 /* WindowsInterfaceController.h */,
				D82FC305238518AA00C51366 /* WindowsInterfaceController.m */,
				D82FC307238518B300C51366 /* iOSInterfaceController.h */,
				D82FC308238518B300C51366 /* iOSInterfaceController.m */,
				D82FC30A238518BB00C51366 /* AndroidInterfaceController.h */,
				D82FC30B238518BB00C51366 /* AndroidInterfaceController.m */,
				D82FC30D2385194800C51366 /* SystemFactory.h */,
				D82FC30E2385194800C51366 /* SystemFactory.m */,
				D82FC3102385196500C51366 /* WindowsFactory.h */,
				D82FC3112385196500C51366 /* WindowsFactory.m */,
				D82FC3132385197300C51366 /* iOSFactory.h */,
				D82FC3142385197300C51366 /* iOSFactory.m */,
				D82FC3162385197C00C51366 /* AndroidFactory.h */,
				D82FC3172385197C00C51366 /* AndroidFactory.m */,
			);
			path = "抽象工厂模式";
			sourceTree = "<group>";
		};
		D83CBC1B2366D0B900297ACE /* 观察者模式 */ = {
			isa = PBXGroup;
			children = (
			);
			path = "观察者模式";
			sourceTree = "<group>";
		};
		D8523CC82362D36F0092F747 /* 策略模式 */ = {
			isa = PBXGroup;
			children = (
				D8E6620C23629D89001C7D77 /* Character */,
				D8E6620E23629F55001C7D77 /* Weapon */,
				D88D35722371662200903F3C /* StrategyPatternVC.h */,
				D88D35732371662200903F3C /* StrategyPatternVC.m */,
			);
			path = "策略模式";
			sourceTree = "<group>";
		};
		D88D35752371673F00903F3C /* 装饰者模式 */ = {
			isa = PBXGroup;
			children = (
				D88D3576237167B400903F3C /* DecoratorPatternVC.h */,
				D88D3577237167B400903F3C /* DecoratorPatternVC.m */,
				D88D35792371697000903F3C /* Baverage.h */,
				D88D358023716CB900903F3C /* Condiment.h */,
				D88D358B237170DB00903F3C /* 装饰者 */,
				D88D358123716CDD00903F3C /* 被装饰者 */,
			);
			path = "装饰者模式";
			sourceTree = "<group>";
		};
		D88D358123716CDD00903F3C /* 被装饰者 */ = {
			isa = PBXGroup;
			children = (
				D88D357A23716A3100903F3C /* Espresso.h */,
				D88D357B23716A3100903F3C /* Espresso.m */,
				D88D357D23716B6500903F3C /* HouseBlend.h */,
				D88D357E23716B6500903F3C /* HouseBlend.m */,
			);
			path = "被装饰者";
			sourceTree = "<group>";
		};
		D88D358B237170DB00903F3C /* 装饰者 */ = {
			isa = PBXGroup;
			children = (
				D88D358223716D0D00903F3C /* Moca.h */,
				D88D358323716D0D00903F3C /* Moca.m */,
				D88D358523716FCF00903F3C /* Milk.h */,
				D88D358623716FCF00903F3C /* Milk.m */,
				D88D35882371707A00903F3C /* Soy.h */,
				D88D35892371707A00903F3C /* Soy.m */,
			);
			path = "装饰者";
			sourceTree = "<group>";
		};
		D8A77AE323AB549E00CBA1DF /* 命令模式 */ = {
			isa = PBXGroup;
			children = (
				D8A77AE423AB54E300CBA1DF /* CommendViewController.h */,
				D8A77AE523AB54E300CBA1DF /* CommendViewController.m */,
				D8A77AE623AB54E300CBA1DF /* CommendViewController.xib */,
				D80B7D7323AB5C34000930B2 /* Commend.h */,
				D8AE543D23B99E4B00A105B7 /* RemoteControl.h */,
				D8AE543E23B99E4B00A105B7 /* RemoteControl.m */,
				D8AE543C23B99A6600A105B7 /* ConcreteCommend */,
				D8AE543B23B99A3F00A105B7 /* Receiver */,
			);
			path = "命令模式";
			sourceTree = "<group>";
		};
		D8AE543B23B99A3F00A105B7 /* Receiver */ = {
			isa = PBXGroup;
			children = (
				D8AE543823B9974500A105B7 /* Light.h */,
				D8AE543923B9974500A105B7 /* Light.m */,
				D8AE544623B9A46400A105B7 /* Door.h */,
				D8AE544723B9A46400A105B7 /* Door.m */,
				D8AE544C23B9C81500A105B7 /* Fan.h */,
				D8AE544D23B9C81500A105B7 /* Fan.m */,
				D8AE545823B9C8D100A105B7 /* Heater.h */,
				D8AE545923B9C8D100A105B7 /* Heater.m */,
				D8AE545B23B9C8D900A105B7 /* TV.h */,
				D8AE545C23B9C8D900A105B7 /* TV.m */,
			);
			path = Receiver;
			sourceTree = "<group>";
		};
		D8AE543C23B99A6600A105B7 /* ConcreteCommend */ = {
			isa = PBXGroup;
			children = (
				D80B7D7423AB5C83000930B2 /* LightOnCommend.h */,
				D80B7D7523AB5C83000930B2 /* LightOnCommend.m */,
				D8AE544323B9A30200A105B7 /* LightOffCommend.h */,
				D8AE544423B9A30200A105B7 /* LightOffCommend.m */,
				D80B7D7723AB5C90000930B2 /* DoorOnCommend.h */,
				D80B7D7823AB5C90000930B2 /* DoorOnCommend.m */,
				D8AE544923B9C7C100A105B7 /* DoorOffCommend.h */,
				D8AE544A23B9C7C100A105B7 /* DoorOffCommend.m */,
				D80B7D7A23AB5C9A000930B2 /* FanOnCommend.h */,
				D80B7D7B23AB5C9A000930B2 /* FanOnCommend.m */,
				D8AE544F23B9C89A00A105B7 /* FanOffCommend.h */,
				D8AE545023B9C89A00A105B7 /* FanOffCommend.m */,
				D80B7D7D23AB5CB8000930B2 /* HeaterOnCommend.h */,
				D80B7D7E23AB5CB8000930B2 /* HeaterOnCommend.m */,
				D8AE545223B9C8B700A105B7 /* HeaterOffCommend.h */,
				D8AE545323B9C8B700A105B7 /* HeaterOffCommend.m */,
				D80B7D8023AB5CCB000930B2 /* TVOnCommend.h */,
				D80B7D8123AB5CCB000930B2 /* TVOnCommend.m */,
				D8AE545523B9C8C400A105B7 /* TVOffCommend.h */,
				D8AE545623B9C8C400A105B7 /* TVOffCommend.m */,
				D8AE544023B99F9D00A105B7 /* NoCommend.h */,
				D8AE544123B99F9D00A105B7 /* NoCommend.m */,
			);
			path = ConcreteCommend;
			sourceTree = "<group>";
		};
		D8E661E12362977E001C7D77 = {
			isa = PBXGroup;
			children = (
				D8E661EC2362977E001C7D77 /* DesignPattern */,
				D8E661EB2362977E001C7D77 /* Products */,
			);
			sourceTree = "<group>";
		};
		D8E661EB2362977E001C7D77 /* Products */ = {
			isa = PBXGroup;
			children = (
				D8E661EA2362977E001C7D77 /* DesignPattern.app */,
			);
			name = Products;
			sourceTree = "<group>";
		};
		D8E661EC2362977E001C7D77 /* DesignPattern */ = {
			isa = PBXGroup;
			children = (
				D8E661ED2362977E001C7D77 /* AppDelegate.h */,
				D8E661EE2362977E001C7D77 /* AppDelegate.m */,
				D8E661F02362977E001C7D77 /* SceneDelegate.h */,
				D8E661F12362977E001C7D77 /* SceneDelegate.m */,
				D8E661F32362977E001C7D77 /* ViewController.h */,
				D8E661F42362977E001C7D77 /* ViewController.m */,
				D8A77AE323AB549E00CBA1DF /* 命令模式 */,
				D8F280BF238E76BB000E194A /* 单例模式 */,
				D80F578E2382A4F30068AA8F /* 工厂模式 */,
				D88D35752371673F00903F3C /* 装饰者模式 */,
				D83CBC1B2366D0B900297ACE /* 观察者模式 */,
				D8523CC82362D36F0092F747 /* 策略模式 */,
				D8E661F62362977E001C7D77 /* Main.storyboard */,
				D8E661F92362978B001C7D77 /* Assets.xcassets */,
				D8E661FB2362978B001C7D77 /* LaunchScreen.storyboard */,
				D8E661FE2362978B001C7D77 /* Info.plist */,
				D8E661FF2362978B001C7D77 /* main.m */,
			);
			path = DesignPattern;
			sourceTree = "<group>";
		};
		D8E6620C23629D89001C7D77 /* Character */ = {
			isa = PBXGroup;
			children = (
				D8E6620623629CE7001C7D77 /* Character.h */,
				D8E6620723629CE8001C7D77 /* Character.m */,
				D8E6620923629CF9001C7D77 /* King.h */,
				D8E6620A23629CF9001C7D77 /* King.m */,
				D8523CC52362C8DA0092F747 /* Queen.h */,
				D8523CC62362C8DA0092F747 /* Queen.m */,
			);
			path = Character;
			sourceTree = "<group>";
		};
		D8E6620E23629F55001C7D77 /* Weapon */ = {
			isa = PBXGroup;
			children = (
				D8E6620D23629F33001C7D77 /* WeaponBehavior.h */,
				D8E6620F23629F8C001C7D77 /* AxeBehavior.h */,
				D8E6621023629F8C001C7D77 /* AxeBehavior.m */,
				D8523CBF2362C80B0092F747 /* KnifeBehavior.h */,
				D8523CC02362C80B0092F747 /* KnifeBehavior.m */,
				D8523CC22362C89A0092F747 /* SwordBehavior.h */,
				D8523CC32362C89A0092F747 /* SwordBehavior.m */,
			);
			path = Weapon;
			sourceTree = "<group>";
		};
		D8F280BF238E76BB000E194A /* 单例模式 */ = {
			isa = PBXGroup;
			children = (
				D8F280C0238E76F0000E194A /* Singleton.h */,
				D8F280C1238E76F0000E194A /* Singleton.m */,
				D8F280C3238E7C14000E194A /* Singleton_Macro.h */,
				D8F280C4238E7C14000E194A /* Singleton_Macro.m */,
				D8F280C9238E7C3B000E194A /* Macro.h */,
			);
			path = "单例模式";
			sourceTree = "<group>";
		};
/* End PBXGroup section */

/* Begin PBXNativeTarget section */
		D8E661E92362977E001C7D77 /* DesignPattern */ = {
			isa = PBXNativeTarget;
			buildConfigurationList = D8E662032362978B001C7D77 /* Build configuration list for PBXNativeTarget "DesignPattern" */;
			buildPhases = (
				D8E661E62362977E001C7D77 /* Sources */,
				D8E661E72362977E001C7D77 /* Frameworks */,
				D8E661E82362977E001C7D77 /* Resources */,
			);
			buildRules = (
			);
			dependencies = (
			);
			name = DesignPattern;
			productName = DesignPattern;
			productReference = D8E661EA2362977E001C7D77 /* DesignPattern.app */;
			productType = "com.apple.product-type.application";
		};
/* End PBXNativeTarget section */

/* Begin PBXProject section */
		D8E661E22362977E001C7D77 /* Project object */ = {
			isa = PBXProject;
			attributes = {
				LastUpgradeCheck = 1100;
				ORGANIZATIONNAME = "朱鹏飞";
				TargetAttributes = {
					D8E661E92362977E001C7D77 = {
						CreatedOnToolsVersion = 11.0;
					};
				};
			};
			buildConfigurationList = D8E661E52362977E001C7D77 /* Build configuration list for PBXProject "DesignPattern" */;
			compatibilityVersion = "Xcode 9.3";
			developmentRegion = en;
			hasScannedForEncodings = 0;
			knownRegions = (
				en,
				Base,
			);
			mainGroup = D8E661E12362977E001C7D77;
			productRefGroup = D8E661EB2362977E001C7D77 /* Products */;
			projectDirPath = "";
			projectRoot = "";
			targets = (
				D8E661E92362977E001C7D77 /* DesignPattern */,
			);
		};
/* End PBXProject section */

/* Begin PBXResourcesBuildPhase section */
		D8E661E82362977E001C7D77 /* Resources */ = {
			isa = PBXResourcesBuildPhase;
			buildActionMask = 2147483647;
			files = (
				D8A77AE823AB54E300CBA1DF /* CommendViewController.xib in Resources */,
				D8E661FD2362978B001C7D77 /* LaunchScreen.storyboard in Resources */,
				D8E661FA2362978B001C7D77 /* Assets.xcassets in Resources */,
				D8E661F82362977E001C7D77 /* Main.storyboard in Resources */,
			);
			runOnlyForDeploymentPostprocessing = 0;
		};
/* End PBXResourcesBuildPhase section */

/* Begin PBXSourcesBuildPhase section */
		D8E661E62362977E001C7D77 /* Sources */ = {
			isa = PBXSourcesBuildPhase;
			buildActionMask = 2147483647;
			files = (
				D8AE544B23B9C7C100A105B7 /* DoorOffCommend.m in Sources */,
				D82FC2EA2384DC0300C51366 /* ImageFactory.m in Sources */,
				D80B7D7C23AB5C9A000930B2 /* FanOnCommend.m in Sources */,
				D8523CC42362C89A0092F747 /* SwordBehavior.m in Sources */,
				D8A77AE723AB54E300CBA1DF /* CommendViewController.m in Sources */,
				D8E661F52362977E001C7D77 /* ViewController.m in Sources */,
				D8523CC72362C8DA0092F747 /* Queen.m in Sources */,
				D80F579A2383CA450068AA8F /* Square.m in Sources */,
				D8AE545A23B9C8D100A105B7 /* Heater.m in Sources */,
				D82FC2F7238517E200C51366 /* OperationController.m in Sources */,
				D82FC2F02384DC4200C51366 /* GIFImageFactory.m in Sources */,
				D8AE545123B9C89A00A105B7 /* FanOffCommend.m in Sources */,
				D8E6620823629CE8001C7D77 /* Character.m in Sources */,
				D8AE543A23B9974500A105B7 /* Light.m in Sources */,
				D88D357C23716A3100903F3C /* Espresso.m in Sources */,
				D82FC306238518AA00C51366 /* WindowsInterfaceController.m in Sources */,
				D8AE545D23B9C8D900A105B7 /* TV.m in Sources */,
				D8E6621123629F8C001C7D77 /* AxeBehavior.m in Sources */,
				D8AE545423B9C8B700A105B7 /* HeaterOffCommend.m in Sources */,
				D8AE544223B99F9D00A105B7 /* NoCommend.m in Sources */,
				D82FC2E12384D9B400C51366 /* PNGImageLoader.m in Sources */,
				D88D35742371662200903F3C /* StrategyPatternVC.m in Sources */,
				D8E661EF2362977E001C7D77 /* AppDelegate.m in Sources */,
				D80B7D7923AB5C90000930B2 /* DoorOnCommend.m in Sources */,
				D82FC3152385197300C51366 /* iOSFactory.m in Sources */,
				D82FC3032385189900C51366 /* InterfaceController.m in Sources */,
				D8E662002362978B001C7D77 /* main.m in Sources */,
				D8AE544E23B9C81500A105B7 /* Fan.m in Sources */,
				D82FC2DE2384D98C00C51366 /* ImageLoader.m in Sources */,
				D82FC3182385197C00C51366 /* AndroidFactory.m in Sources */,
				D80B7D8223AB5CCB000930B2 /* TVOnCommend.m in Sources */,
				D80F57942383C9FB0068AA8F /* Circle.m in Sources */,
				D8AE543F23B99E4B00A105B7 /* RemoteControl.m in Sources */,
				D80B7D7623AB5C83000930B2 /* LightOnCommend.m in Sources */,
				D80B7D7F23AB5CB8000930B2 /* HeaterOnCommend.m in Sources */,
				D88D358A2371707A00903F3C /* Soy.m in Sources */,
				D82FC2FA2385180D00C51366 /* WindowsOperationController.m in Sources */,
				D8E6620B23629CF9001C7D77 /* King.m in Sources */,
				D82FC2ED2384DC3500C51366 /* PNGImageFactory.m in Sources */,
				D88D358423716D0D00903F3C /* Moca.m in Sources */,
				D80F579D2383CA880068AA8F /* ShapeFactory.m in Sources */,
				D88D3578237167B400903F3C /* DecoratorPatternVC.m in Sources */,
				D8E661F22362977E001C7D77 /* SceneDelegate.m in Sources */,
				D8AE544523B9A30200A105B7 /* LightOffCommend.m in Sources */,
				D82FC30C238518BB00C51366 /* AndroidInterfaceController.m in Sources */,
				D88D357F23716B6500903F3C /* HouseBlend.m in Sources */,
				D80F57912383C9C30068AA8F /* Shape.m in Sources */,
				D82FC3002385182300C51366 /* AndroidOperationController.m in Sources */,
				D82FC2E72384D9E600C51366 /* JPGImageLoader.m in Sources */,
				D88D358723716FCF00903F3C /* Milk.m in Sources */,
				D82FC2F32384DC4E00C51366 /* JPGImageFactory.m in Sources */,
				D8AE545723B9C8C400A105B7 /* TVOffCommend.m in Sources */,
				D8AE544823B9A46400A105B7 /* Door.m in Sources */,
				D82FC2FD2385181800C51366 /* iOSOperationController.m in Sources */,
				D8F280C5238E7C14000E194A /* Singleton_Macro.m in Sources */,
				D8523CC12362C80B0092F747 /* KnifeBehavior.m in Sources */,
				D82FC3122385196500C51366 /* WindowsFactory.m in Sources */,
				D80F57972383CA210068AA8F /* Rectangle.m in Sources */,
				D82FC309238518B300C51366 /* iOSInterfaceController.m in Sources */,
				D82FC2DA2384D6D500C51366 /* FactoryPatternVC.m in Sources */,
				D8F280C2238E76F0000E194A /* Singleton.m in Sources */,
				D82FC2E42384D9D800C51366 /* GIFImageLoader.m in Sources */,
				D82FC30F2385194800C51366 /* SystemFactory.m in Sources */,
			);
			runOnlyForDeploymentPostprocessing = 0;
		};
/* End PBXSourcesBuildPhase section */

/* Begin PBXVariantGroup section */
		D8E661F62362977E001C7D77 /* Main.storyboard */ = {
			isa = PBXVariantGroup;
			children = (
				D8E661F72362977E001C7D77 /* Base */,
			);
			name = Main.storyboard;
			sourceTree = "<group>";
		};
		D8E661FB2362978B001C7D77 /* LaunchScreen.storyboard */ = {
			isa = PBXVariantGroup;
			children = (
				D8E661FC2362978B001C7D77 /* Base */,
			);
			name = LaunchScreen.storyboard;
			sourceTree = "<group>";
		};
/* End PBXVariantGroup section */

/* Begin XCBuildConfiguration section */
		D8E662012362978B001C7D77 /* Debug */ = {
			isa = XCBuildConfiguration;
			buildSettings = {
				ALWAYS_SEARCH_USER_PATHS = NO;
				CLANG_ANALYZER_NONNULL = YES;
				CLANG_ANALYZER_NUMBER_OBJECT_CONVERSION = YES_AGGRESSIVE;
				CLANG_CXX_LANGUAGE_STANDARD = "gnu++14";
				CLANG_CXX_LIBRARY = "libc++";
				CLANG_ENABLE_MODULES = YES;
				CLANG_ENABLE_OBJC_ARC = YES;
				CLANG_ENABLE_OBJC_WEAK = YES;
				CLANG_WARN_BLOCK_CAPTURE_AUTORELEASING = YES;
				CLANG_WARN_BOOL_CONVERSION = YES;
				CLANG_WARN_COMMA = YES;
				CLANG_WARN_CONSTANT_CONVERSION = YES;
				CLANG_WARN_DEPRECATED_OBJC_IMPLEMENTATIONS = YES;
				CLANG_WARN_DIRECT_OBJC_ISA_USAGE = YES_ERROR;
				CLANG_WARN_DOCUMENTATION_COMMENTS = YES;
				CLANG_WARN_EMPTY_BODY = YES;
				CLANG_WARN_ENUM_CONVERSION = YES;
				CLANG_WARN_INFINITE_RECURSION = YES;
				CLANG_WARN_INT_CONVERSION = YES;
				CLANG_WARN_NON_LITERAL_NULL_CONVERSION = YES;
				CLANG_WARN_OBJC_IMPLICIT_RETAIN_SELF = YES;
				CLANG_WARN_OBJC_LITERAL_CONVERSION = YES;
				CLANG_WARN_OBJC_ROOT_CLASS = YES_ERROR;
				CLANG_WARN_RANGE_LOOP_ANALYSIS = YES;
				CLANG_WARN_STRICT_PROTOTYPES = YES;
				CLANG_WARN_SUSPICIOUS_MOVE = YES;
				CLANG_WARN_UNGUARDED_AVAILABILITY = YES_AGGRESSIVE;
				CLANG_WARN_UNREACHABLE_CODE = YES;
				CLANG_WARN__DUPLICATE_METHOD_MATCH = YES;
				COPY_PHASE_STRIP = NO;
				DEBUG_INFORMATION_FORMAT = dwarf;
				ENABLE_STRICT_OBJC_MSGSEND = YES;
				ENABLE_TESTABILITY = YES;
				GCC_C_LANGUAGE_STANDARD = gnu11;
				GCC_DYNAMIC_NO_PIC = NO;
				GCC_NO_COMMON_BLOCKS = YES;
				GCC_OPTIMIZATION_LEVEL = 0;
				GCC_PREPROCESSOR_DEFINITIONS = (
					"DEBUG=1",
					"$(inherited)",
				);
				GCC_WARN_64_TO_32_BIT_CONVERSION = YES;
				GCC_WARN_ABOUT_RETURN_TYPE = YES_ERROR;
				GCC_WARN_UNDECLARED_SELECTOR = YES;
				GCC_WARN_UNINITIALIZED_AUTOS = YES_AGGRESSIVE;
				GCC_WARN_UNUSED_FUNCTION = YES;
				GCC_WARN_UNUSED_VARIABLE = YES;
				IPHONEOS_DEPLOYMENT_TARGET = 13.0;
				MTL_ENABLE_DEBUG_INFO = INCLUDE_SOURCE;
				MTL_FAST_MATH = YES;
				ONLY_ACTIVE_ARCH = YES;
				SDKROOT = iphoneos;
			};
			name = Debug;
		};
		D8E662022362978B001C7D77 /* Release */ = {
			isa = XCBuildConfiguration;
			buildSettings = {
				ALWAYS_SEARCH_USER_PATHS = NO;
				CLANG_ANALYZER_NONNULL = YES;
				CLANG_ANALYZER_NUMBER_OBJECT_CONVERSION = YES_AGGRESSIVE;
				CLANG_CXX_LANGUAGE_STANDARD = "gnu++14";
				CLANG_CXX_LIBRARY = "libc++";
				CLANG_ENABLE_MODULES = YES;
				CLANG_ENABLE_OBJC_ARC = YES;
				CLANG_ENABLE_OBJC_WEAK = YES;
				CLANG_WARN_BLOCK_CAPTURE_AUTORELEASING = YES;
				CLANG_WARN_BOOL_CONVERSION = YES;
				CLANG_WARN_COMMA = YES;
				CLANG_WARN_CONSTANT_CONVERSION = YES;
				CLANG_WARN_DEPRECATED_OBJC_IMPLEMENTATIONS = YES;
				CLANG_WARN_DIRECT_OBJC_ISA_USAGE = YES_ERROR;
				CLANG_WARN_DOCUMENTATION_COMMENTS = YES;
				CLANG_WARN_EMPTY_BODY = YES;
				CLANG_WARN_ENUM_CONVERSION = YES;
				CLANG_WARN_INFINITE_RECURSION = YES;
				CLANG_WARN_INT_CONVERSION = YES;
				CLANG_WARN_NON_LITERAL_NULL_CONVERSION = YES;
				CLANG_WARN_OBJC_IMPLICIT_RETAIN_SELF = YES;
				CLANG_WARN_OBJC_LITERAL_CONVERSION = YES;
				CLANG_WARN_OBJC_ROOT_CLASS = YES_ERROR;
				CLANG_WARN_RANGE_LOOP_ANALYSIS = YES;
				CLANG_WARN_STRICT_PROTOTYPES = YES;
				CLANG_WARN_SUSPICIOUS_MOVE = YES;
				CLANG_WARN_UNGUARDED_AVAILABILITY = YES_AGGRESSIVE;
				CLANG_WARN_UNREACHABLE_CODE = YES;
				CLANG_WARN__DUPLICATE_METHOD_MATCH = YES;
				COPY_PHASE_STRIP = NO;
				DEBUG_INFORMATION_FORMAT = "dwarf-with-dsym";
				ENABLE_NS_ASSERTIONS = NO;
				ENABLE_STRICT_OBJC_MSGSEND = YES;
				GCC_C_LANGUAGE_STANDARD = gnu11;
				GCC_NO_COMMON_BLOCKS = YES;
				GCC_WARN_64_TO_32_BIT_CONVERSION = YES;
				GCC_WARN_ABOUT_RETURN_TYPE = YES_ERROR;
				GCC_WARN_UNDECLARED_SELECTOR = YES;
				GCC_WARN_UNINITIALIZED_AUTOS = YES_AGGRESSIVE;
				GCC_WARN_UNUSED_FUNCTION = YES;
				GCC_WARN_UNUSED_VARIABLE = YES;
				IPHONEOS_DEPLOYMENT_TARGET = 13.0;
				MTL_ENABLE_DEBUG_INFO = NO;
				MTL_FAST_MATH = YES;
				SDKROOT = iphoneos;
				VALIDATE_PRODUCT = YES;
			};
			name = Release;
		};
		D8E662042362978B001C7D77 /* Debug */ = {
			isa = XCBuildConfiguration;
			buildSettings = {
				ASSETCATALOG_COMPILER_APPICON_NAME = AppIcon;
				CODE_SIGN_STYLE = Automatic;
				DEVELOPMENT_TEAM = TKN94A8SE7;
				INFOPLIST_FILE = DesignPattern/Info.plist;
				LD_RUNPATH_SEARCH_PATHS = (
					"$(inherited)",
					"@executable_path/Frameworks",
				);
				PRODUCT_BUNDLE_IDENTIFIER = Test.DesignPattern;
				PRODUCT_NAME = "$(TARGET_NAME)";
				TARGETED_DEVICE_FAMILY = "1,2";
			};
			name = Debug;
		};
		D8E662052362978B001C7D77 /* Release */ = {
			isa = XCBuildConfiguration;
			buildSettings = {
				ASSETCATALOG_COMPILER_APPICON_NAME = AppIcon;
				CODE_SIGN_STYLE = Automatic;
				DEVELOPMENT_TEAM = TKN94A8SE7;
				INFOPLIST_FILE = DesignPattern/Info.plist;
				LD_RUNPATH_SEARCH_PATHS = (
					"$(inherited)",
					"@executable_path/Frameworks",
				);
				PRODUCT_BUNDLE_IDENTIFIER = Test.DesignPattern;
				PRODUCT_NAME = "$(TARGET_NAME)";
				TARGETED_DEVICE_FAMILY = "1,2";
			};
			name = Release;
		};
/* End XCBuildConfiguration section */

/* Begin XCConfigurationList section */
		D8E661E52362977E001C7D77 /* Build configuration list for PBXProject "DesignPattern" */ = {
			isa = XCConfigurationList;
			buildConfigurations = (
				D8E662012362978B001C7D77 /* Debug */,
				D8E662022362978B001C7D77 /* Release */,
			);
			defaultConfigurationIsVisible = 0;
			defaultConfigurationName = Release;
		};
		D8E662032362978B001C7D77 /* Build configuration list for PBXNativeTarget "DesignPattern" */ = {
			isa = XCConfigurationList;
			buildConfigurations = (
				D8E662042362978B001C7D77 /* Debug */,
				D8E662052362978B001C7D77 /* Release */,
			);
			defaultConfigurationIsVisible = 0;
			defaultConfigurationName = Release;
		};
/* End XCConfigurationList section */
	};
	rootObject = D8E661E22362977E001C7D77 /* Project object */;
}
